
Microsoft Visual Studio Solution File, Format Version 12.00
# Visual Studio Version 17
VisualStudioVersion = 17.0.31903.59
MinimumVisualStudioVersion = 10.0.40219.1
Project("{FAE04EC0-301F-11D3-BF4B-00C04F79EFBC}") = "CryptMessengerApi", "CryptMessengerApi\CryptMessengerApi.csproj", "{03637C49-DA62-4184-8DC5-89B8A8047414}"
EndProject
Global
	GlobalSection(SolutionConfigurationPlatforms) = preSolution
		Debug|Any CPU = Debug|Any CPU
		Release|Any CPU = Release|Any CPU
	EndGlobalSection
	GlobalSection(SolutionProperties) = preSolution
		HideSolutionNode = FALSE
	EndGlobalSection
	GlobalSection(ProjectConfigurationPlatforms) = postSolution
		{03637C49-DA62-4184-8DC5-89B8A8047414}.Debug|Any CPU.ActiveCfg = Debug|Any CPU
		{03637C49-DA62-4184-8DC5-89B8A8047414}.Debug|Any CPU.Build.0 = Debug|Any CPU
		{03637C49-DA62-4184-8DC5-89B8A8047414}.Release|Any CPU.ActiveCfg = Release|Any CPU
		{03637C49-DA62-4184-8DC5-89B8A8047414}.Release|Any CPU.Build.0 = Release|Any CPU
	EndGlobalSection
EndGlobal
